
Microsoft Visual Studio Solution File, Format Version 12.00
# Visual Studio Version 16
VisualStudioVersion = 16.0.29123.88
MinimumVisualStudioVersion = 10.0.40219.1
Project("{9A19103F-16F7-4668-BE54-9A1E7A4F7556}") = "CustomAuthScheme", "CustomAuthScheme\CustomAuthScheme.csproj", "{2291AC2E-6432-4708-B7B5-C51929121170}"
EndProject
Project("{9A19103F-16F7-4668-BE54-9A1E7A4F7556}") = "CustomAuthScheme.Api.IntegrationTests", "CustomAuthScheme.Api.IntegrationTests\CustomAuthScheme.Api.IntegrationTests.csproj", "{C9254EBE-0056-45C7-81F5-1FDD0DAF2A3E}"
EndProject
Project("{9A19103F-16F7-4668-BE54-9A1E7A4F7556}") = "GST.Fake.Authentication.JwtBearer", "GST.Fake.Authentication.JwtBearer\GST.Fake.Authentication.JwtBearer.csproj", "{B0056E51-BE1D-447A-9CC4-F9B87F0BD918}"
EndProject
Global
	GlobalSection(SolutionConfigurationPlatforms) = preSolution
		Debug|Any CPU = Debug|Any CPU
		Release|Any CPU = Release|Any CPU
	EndGlobalSection
	GlobalSection(ProjectConfigurationPlatforms) = postSolution
		{2291AC2E-6432-4708-B7B5-C51929121170}.Debug|Any CPU.ActiveCfg = Debug|Any CPU
		{2291AC2E-6432-4708-B7B5-C51929121170}.Debug|Any CPU.Build.0 = Debug|Any CPU
		{2291AC2E-6432-4708-B7B5-C51929121170}.Release|Any CPU.ActiveCfg = Release|Any CPU
		{2291AC2E-6432-4708-B7B5-C51929121170}.Release|Any CPU.Build.0 = Release|Any CPU
		{C9254EBE-0056-45C7-81F5-1FDD0DAF2A3E}.Debug|Any CPU.ActiveCfg = Debug|Any CPU
		{C9254EBE-0056-45C7-81F5-1FDD0DAF2A3E}.Debug|Any CPU.Build.0 = Debug|Any CPU
		{C9254EBE-0056-45C7-81F5-1FDD0DAF2A3E}.Release|Any CPU.ActiveCfg = Release|Any CPU
		{C9254EBE-0056-45C7-81F5-1FDD0DAF2A3E}.Release|Any CPU.Build.0 = Release|Any CPU
		{B0056E51-BE1D-447A-9CC4-F9B87F0BD918}.Debug|Any CPU.ActiveCfg = Debug|Any CPU
		{B0056E51-BE1D-447A-9CC4-F9B87F0BD918}.Debug|Any CPU.Build.0 = Debug|Any CPU
		{B0056E51-BE1D-447A-9CC4-F9B87F0BD918}.Release|Any CPU.ActiveCfg = Release|Any CPU
		{B0056E51-BE1D-447A-9CC4-F9B87F0BD918}.Release|Any CPU.Build.0 = Release|Any CPU
	EndGlobalSection
	GlobalSection(SolutionProperties) = preSolution
		HideSolutionNode = FALSE
	EndGlobalSection
	GlobalSection(ExtensibilityGlobals) = postSolution
		SolutionGuid = {FA6EC681-CFB5-40AB-8976-8B6DC842FD25}
	EndGlobalSection
EndGlobal
